// !$*UTF8*$!
{
	archiveVersion = 1;
	classes = {
	};
	objectVersion = 56;
	objects = {

/* Begin PBXBuildFile section */
		8B25A445290AE6F50077E5F9 /* LoginEmailView.swift in Sources */ = {isa = PBXBuildFile; fileRef = 8B25A444290AE6F50077E5F9 /* LoginEmailView.swift */; };
		8B25A447290AE7030077E5F9 /* LoginEmailViewModel.swift in Sources */ = {isa = PBXBuildFile; fileRef = 8B25A446290AE7030077E5F9 /* LoginEmailViewModel.swift */; };
		8B25A44B290D4B680077E5F9 /* EmailCoordinator.swift in Sources */ = {isa = PBXBuildFile; fileRef = 8B25A44A290D4B680077E5F9 /* EmailCoordinator.swift */; };
		8B25A44E290D4B7E0077E5F9 /* EmailCoordinatorView.swift in Sources */ = {isa = PBXBuildFile; fileRef = 8B25A44D290D4B7E0077E5F9 /* EmailCoordinatorView.swift */; };
		8B25A451290D56370077E5F9 /* LoginEmailCoordinator.swift in Sources */ = {isa = PBXBuildFile; fileRef = 8B25A450290D56370077E5F9 /* LoginEmailCoordinator.swift */; };
		8B25A453290D56480077E5F9 /* LoginEmailCoordinatorView.swift in Sources */ = {isa = PBXBuildFile; fileRef = 8B25A452290D56480077E5F9 /* LoginEmailCoordinatorView.swift */; };
		8B6A7C002906DC43005DE8E2 /* FirstViewApp.swift in Sources */ = {isa = PBXBuildFile; fileRef = 8B6A7BFF2906DC43005DE8E2 /* FirstViewApp.swift */; };
		8B6A7C022906DC43005DE8E2 /* ContentView.swift in Sources */ = {isa = PBXBuildFile; fileRef = 8B6A7C012906DC43005DE8E2 /* ContentView.swift */; };
		8B6A7C042906DC45005DE8E2 /* Assets.xcassets in Resources */ = {isa = PBXBuildFile; fileRef = 8B6A7C032906DC45005DE8E2 /* Assets.xcassets */; };
		8B6A7C072906DC45005DE8E2 /* Preview Assets.xcassets in Resources */ = {isa = PBXBuildFile; fileRef = 8B6A7C062906DC45005DE8E2 /* Preview Assets.xcassets */; };
		8B6A7C112906DC45005DE8E2 /* FirstViewTests.swift in Sources */ = {isa = PBXBuildFile; fileRef = 8B6A7C102906DC45005DE8E2 /* FirstViewTests.swift */; };
		8B6A7C1B2906DC45005DE8E2 /* FirstViewUITests.swift in Sources */ = {isa = PBXBuildFile; fileRef = 8B6A7C1A2906DC45005DE8E2 /* FirstViewUITests.swift */; };
		8B6A7C1D2906DC45005DE8E2 /* FirstViewUITestsLaunchTests.swift in Sources */ = {isa = PBXBuildFile; fileRef = 8B6A7C1C2906DC45005DE8E2 /* FirstViewUITestsLaunchTests.swift */; };
		8B6A7C302906E91C005DE8E2 /* MainView.swift in Sources */ = {isa = PBXBuildFile; fileRef = 8B6A7C2F2906E91C005DE8E2 /* MainView.swift */; };
		8B6A7C322906E933005DE8E2 /* MainViewModel.swift in Sources */ = {isa = PBXBuildFile; fileRef = 8B6A7C312906E933005DE8E2 /* MainViewModel.swift */; };
		8B6A7C362906EACC005DE8E2 /* Colors.swift in Sources */ = {isa = PBXBuildFile; fileRef = 8B6A7C352906EACC005DE8E2 /* Colors.swift */; };
		8B6A7C382906F870005DE8E2 /* LoginView.swift in Sources */ = {isa = PBXBuildFile; fileRef = 8B6A7C372906F870005DE8E2 /* LoginView.swift */; };
		8B6A7C3A2906F9CB005DE8E2 /* LoginViewModel.swift in Sources */ = {isa = PBXBuildFile; fileRef = 8B6A7C392906F9CB005DE8E2 /* LoginViewModel.swift */; };
		8B6A7C3C2906FB6B005DE8E2 /* CGFloat.swift in Sources */ = {isa = PBXBuildFile; fileRef = 8B6A7C3B2906FB6B005DE8E2 /* CGFloat.swift */; };
		8B6A7C4129084FFC005DE8E2 /* MainCoordinator.swift in Sources */ = {isa = PBXBuildFile; fileRef = 8B6A7C4029084FFC005DE8E2 /* MainCoordinator.swift */; };
		8B6A7C432908500C005DE8E2 /* MainCoordinatorView.swift in Sources */ = {isa = PBXBuildFile; fileRef = 8B6A7C422908500C005DE8E2 /* MainCoordinatorView.swift */; };
		8B6A7C4529085021005DE8E2 /* LoginCoordinator.swift in Sources */ = {isa = PBXBuildFile; fileRef = 8B6A7C4429085021005DE8E2 /* LoginCoordinator.swift */; };
		8B6A7C4729085030005DE8E2 /* LoginCoordinatorView.swift in Sources */ = {isa = PBXBuildFile; fileRef = 8B6A7C4629085030005DE8E2 /* LoginCoordinatorView.swift */; };
		8B6A7C4A290850C7005DE8E2 /* SwiftUINavigation in Frameworks */ = {isa = PBXBuildFile; productRef = 8B6A7C49290850C7005DE8E2 /* SwiftUINavigation */; };
		8BF79D1F290AC653002545BC /* EmailView.swift in Sources */ = {isa = PBXBuildFile; fileRef = 8BF79D1E290AC653002545BC /* EmailView.swift */; };
		8BF79D21290AC660002545BC /* EmailViewModel.swift in Sources */ = {isa = PBXBuildFile; fileRef = 8BF79D20290AC660002545BC /* EmailViewModel.swift */; };
/* End PBXBuildFile section */

/* Begin PBXContainerItemProxy section */
		8B6A7C0D2906DC45005DE8E2 /* PBXContainerItemProxy */ = {
			isa = PBXContainerItemProxy;
			containerPortal = 8B6A7BF42906DC43005DE8E2 /* Project object */;
			proxyType = 1;
			remoteGlobalIDString = 8B6A7BFB2906DC43005DE8E2;
			remoteInfo = FirstView;
		};
		8B6A7C172906DC45005DE8E2 /* PBXContainerItemProxy */ = {
			isa = PBXContainerItemProxy;
			containerPortal = 8B6A7BF42906DC43005DE8E2 /* Project object */;
			proxyType = 1;
			remoteGlobalIDString = 8B6A7BFB2906DC43005DE8E2;
			remoteInfo = FirstView;
		};
/* End PBXContainerItemProxy section */

/* Begin PBXFileReference section */
		8B25A444290AE6F50077E5F9 /* LoginEmailView.swift */ = {isa = PBXFileReference; lastKnownFileType = sourcecode.swift; path = LoginEmailView.swift; sourceTree = "<group>"; };
		8B25A446290AE7030077E5F9 /* LoginEmailViewModel.swift */ = {isa = PBXFileReference; lastKnownFileType = sourcecode.swift; path = LoginEmailViewModel.swift; sourceTree = "<group>"; };
		8B25A44A290D4B680077E5F9 /* EmailCoordinator.swift */ = {isa = PBXFileReference; lastKnownFileType = sourcecode.swift; path = EmailCoordinator.swift; sourceTree = "<group>"; };
		8B25A44D290D4B7E0077E5F9 /* EmailCoordinatorView.swift */ = {isa = PBXFileReference; lastKnownFileType = sourcecode.swift; path = EmailCoordinatorView.swift; sourceTree = "<group>"; };
		8B25A450290D56370077E5F9 /* LoginEmailCoordinator.swift */ = {isa = PBXFileReference; lastKnownFileType = sourcecode.swift; path = LoginEmailCoordinator.swift; sourceTree = "<group>"; };
		8B25A452290D56480077E5F9 /* LoginEmailCoordinatorView.swift */ = {isa = PBXFileReference; lastKnownFileType = sourcecode.swift; path = LoginEmailCoordinatorView.swift; sourceTree = "<group>"; };
		8B6A7BFC2906DC43005DE8E2 /* FirstView.app */ = {isa = PBXFileReference; explicitFileType = wrapper.application; includeInIndex = 0; path = FirstView.app; sourceTree = BUILT_PRODUCTS_DIR; };
		8B6A7BFF2906DC43005DE8E2 /* FirstViewApp.swift */ = {isa = PBXFileReference; lastKnownFileType = sourcecode.swift; path = FirstViewApp.swift; sourceTree = "<group>"; };
		8B6A7C012906DC43005DE8E2 /* ContentView.swift */ = {isa = PBXFileReference; lastKnownFileType = sourcecode.swift; path = ContentView.swift; sourceTree = "<group>"; };
		8B6A7C032906DC45005DE8E2 /* Assets.xcassets */ = {isa = PBXFileReference; lastKnownFileType = folder.assetcatalog; path = Assets.xcassets; sourceTree = "<group>"; };
		8B6A7C062906DC45005DE8E2 /* Preview Assets.xcassets */ = {isa = PBXFileReference; lastKnownFileType = folder.assetcatalog; path = "Preview Assets.xcassets"; sourceTree = "<group>"; };
		8B6A7C0C2906DC45005DE8E2 /* FirstViewTests.xctest */ = {isa = PBXFileReference; explicitFileType = wrapper.cfbundle; includeInIndex = 0; path = FirstViewTests.xctest; sourceTree = BUILT_PRODUCTS_DIR; };
		8B6A7C102906DC45005DE8E2 /* FirstViewTests.swift */ = {isa = PBXFileReference; lastKnownFileType = sourcecode.swift; path = FirstViewTests.swift; sourceTree = "<group>"; };
		8B6A7C162906DC45005DE8E2 /* FirstViewUITests.xctest */ = {isa = PBXFileReference; explicitFileType = wrapper.cfbundle; includeInIndex = 0; path = FirstViewUITests.xctest; sourceTree = BUILT_PRODUCTS_DIR; };
		8B6A7C1A2906DC45005DE8E2 /* FirstViewUITests.swift */ = {isa = PBXFileReference; lastKnownFileType = sourcecode.swift; path = FirstViewUITests.swift; sourceTree = "<group>"; };
		8B6A7C1C2906DC45005DE8E2 /* FirstViewUITestsLaunchTests.swift */ = {isa = PBXFileReference; lastKnownFileType = sourcecode.swift; path = FirstViewUITestsLaunchTests.swift; sourceTree = "<group>"; };
		8B6A7C2F2906E91C005DE8E2 /* MainView.swift */ = {isa = PBXFileReference; lastKnownFileType = sourcecode.swift; path = MainView.swift; sourceTree = "<group>"; };
		8B6A7C312906E933005DE8E2 /* MainViewModel.swift */ = {isa = PBXFileReference; lastKnownFileType = sourcecode.swift; path = MainViewModel.swift; sourceTree = "<group>"; };
		8B6A7C352906EACC005DE8E2 /* Colors.swift */ = {isa = PBXFileReference; lastKnownFileType = sourcecode.swift; path = Colors.swift; sourceTree = "<group>"; };
		8B6A7C372906F870005DE8E2 /* LoginView.swift */ = {isa = PBXFileReference; lastKnownFileType = sourcecode.swift; path = LoginView.swift; sourceTree = "<group>"; };
		8B6A7C392906F9CB005DE8E2 /* LoginViewModel.swift */ = {isa = PBXFileReference; lastKnownFileType = sourcecode.swift; path = LoginViewModel.swift; sourceTree = "<group>"; };
		8B6A7C3B2906FB6B005DE8E2 /* CGFloat.swift */ = {isa = PBXFileReference; lastKnownFileType = sourcecode.swift; path = CGFloat.swift; sourceTree = "<group>"; };
		8B6A7C4029084FFC005DE8E2 /* MainCoordinator.swift */ = {isa = PBXFileReference; lastKnownFileType = sourcecode.swift; path = MainCoordinator.swift; sourceTree = "<group>"; };
		8B6A7C422908500C005DE8E2 /* MainCoordinatorView.swift */ = {isa = PBXFileReference; lastKnownFileType = sourcecode.swift; path = MainCoordinatorView.swift; sourceTree = "<group>"; };
		8B6A7C4429085021005DE8E2 /* LoginCoordinator.swift */ = {isa = PBXFileReference; lastKnownFileType = sourcecode.swift; path = LoginCoordinator.swift; sourceTree = "<group>"; };
		8B6A7C4629085030005DE8E2 /* LoginCoordinatorView.swift */ = {isa = PBXFileReference; lastKnownFileType = sourcecode.swift; path = LoginCoordinatorView.swift; sourceTree = "<group>"; };
		8BF79D1E290AC653002545BC /* EmailView.swift */ = {isa = PBXFileReference; lastKnownFileType = sourcecode.swift; path = EmailView.swift; sourceTree = "<group>"; };
		8BF79D20290AC660002545BC /* EmailViewModel.swift */ = {isa = PBXFileReference; lastKnownFileType = sourcecode.swift; path = EmailViewModel.swift; sourceTree = "<group>"; };
/* End PBXFileReference section */

/* Begin PBXFrameworksBuildPhase section */
		8B6A7BF92906DC43005DE8E2 /* Frameworks */ = {
			isa = PBXFrameworksBuildPhase;
			buildActionMask = 2147483647;
			files = (
				8B6A7C4A290850C7005DE8E2 /* SwiftUINavigation in Frameworks */,
			);
			runOnlyForDeploymentPostprocessing = 0;
		};
		8B6A7C092906DC45005DE8E2 /* Frameworks */ = {
			isa = PBXFrameworksBuildPhase;
			buildActionMask = 2147483647;
			files = (
			);
			runOnlyForDeploymentPostprocessing = 0;
		};
		8B6A7C132906DC45005DE8E2 /* Frameworks */ = {
			isa = PBXFrameworksBuildPhase;
			buildActionMask = 2147483647;
			files = (
			);
			runOnlyForDeploymentPostprocessing = 0;
		};
/* End PBXFrameworksBuildPhase section */

/* Begin PBXGroup section */
		8B25A443290AE6AC0077E5F9 /* LoginEmail */ = {
			isa = PBXGroup;
			children = (
				8B25A444290AE6F50077E5F9 /* LoginEmailView.swift */,
				8B25A446290AE7030077E5F9 /* LoginEmailViewModel.swift */,
			);
			path = LoginEmail;
			sourceTree = "<group>";
		};
		8B25A448290D4B3F0077E5F9 /* EmailCoordinator */ = {
			isa = PBXGroup;
			children = (
				8B25A44A290D4B680077E5F9 /* EmailCoordinator.swift */,
				8B25A44D290D4B7E0077E5F9 /* EmailCoordinatorView.swift */,
			);
			path = EmailCoordinator;
			sourceTree = "<group>";
		};
		8B25A44F290D56160077E5F9 /* LoginEmailCoordinator */ = {
			isa = PBXGroup;
			children = (
				8B25A450290D56370077E5F9 /* LoginEmailCoordinator.swift */,
				8B25A452290D56480077E5F9 /* LoginEmailCoordinatorView.swift */,
			);
			path = LoginEmailCoordinator;
			sourceTree = "<group>";
		};
		8B6A7BF32906DC43005DE8E2 = {
			isa = PBXGroup;
			children = (
				8B6A7BFE2906DC43005DE8E2 /* FirstView */,
				8B6A7C0F2906DC45005DE8E2 /* FirstViewTests */,
				8B6A7C192906DC45005DE8E2 /* FirstViewUITests */,
				8B6A7BFD2906DC43005DE8E2 /* Products */,
			);
			sourceTree = "<group>";
		};
		8B6A7BFD2906DC43005DE8E2 /* Products */ = {
			isa = PBXGroup;
			children = (
				8B6A7BFC2906DC43005DE8E2 /* FirstView.app */,
				8B6A7C0C2906DC45005DE8E2 /* FirstViewTests.xctest */,
				8B6A7C162906DC45005DE8E2 /* FirstViewUITests.xctest */,
			);
			name = Products;
			sourceTree = "<group>";
		};
		8B6A7BFE2906DC43005DE8E2 /* FirstView */ = {
			isa = PBXGroup;
			children = (
				8B6A7C342906EA87005DE8E2 /* Extension */,
				8B6A7C2A2906E5DE005DE8E2 /* Flows */,
				8B6A7C292906E5C0005DE8E2 /* App */,
				8B6A7C052906DC45005DE8E2 /* Preview Content */,
			);
			path = FirstView;
			sourceTree = "<group>";
		};
		8B6A7C052906DC45005DE8E2 /* Preview Content */ = {
			isa = PBXGroup;
			children = (
				8B6A7C032906DC45005DE8E2 /* Assets.xcassets */,
				8B6A7C062906DC45005DE8E2 /* Preview Assets.xcassets */,
			);
			path = "Preview Content";
			sourceTree = "<group>";
		};
		8B6A7C0F2906DC45005DE8E2 /* FirstViewTests */ = {
			isa = PBXGroup;
			children = (
				8B6A7C102906DC45005DE8E2 /* FirstViewTests.swift */,
			);
			path = FirstViewTests;
			sourceTree = "<group>";
		};
		8B6A7C192906DC45005DE8E2 /* FirstViewUITests */ = {
			isa = PBXGroup;
			children = (
				8B6A7C1A2906DC45005DE8E2 /* FirstViewUITests.swift */,
				8B6A7C1C2906DC45005DE8E2 /* FirstViewUITestsLaunchTests.swift */,
			);
			path = FirstViewUITests;
			sourceTree = "<group>";
		};
		8B6A7C292906E5C0005DE8E2 /* App */ = {
			isa = PBXGroup;
			children = (
				8B6A7C012906DC43005DE8E2 /* ContentView.swift */,
				8B6A7BFF2906DC43005DE8E2 /* FirstViewApp.swift */,
			);
			path = App;
			sourceTree = "<group>";
		};
		8B6A7C2A2906E5DE005DE8E2 /* Flows */ = {
			isa = PBXGroup;
			children = (
				8B6A7C2C2906E605005DE8E2 /* Screens */,
				8B6A7C2B2906E5F6005DE8E2 /* Coordinator */,
			);
			path = Flows;
			sourceTree = "<group>";
		};
		8B6A7C2B2906E5F6005DE8E2 /* Coordinator */ = {
			isa = PBXGroup;
			children = (
				8B25A44F290D56160077E5F9 /* LoginEmailCoordinator */,
				8B25A448290D4B3F0077E5F9 /* EmailCoordinator */,
				8B6A7C3E29084FC7005DE8E2 /* MainCoordinator */,
				8B6A7C3D29084FB9005DE8E2 /* LoginCoordinator */,
			);
			path = Coordinator;
			sourceTree = "<group>";
		};
		8B6A7C2C2906E605005DE8E2 /* Screens */ = {
			isa = PBXGroup;
			children = (
				8B25A443290AE6AC0077E5F9 /* LoginEmail */,
				8BF79D19290AC60B002545BC /* Email */,
				8B6A7C2E2906E636005DE8E2 /* Login */,
				8B6A7C2D2906E617005DE8E2 /* Main */,
			);
			path = Screens;
			sourceTree = "<group>";
		};
		8B6A7C2D2906E617005DE8E2 /* Main */ = {
			isa = PBXGroup;
			children = (
				8B6A7C2F2906E91C005DE8E2 /* MainView.swift */,
				8B6A7C312906E933005DE8E2 /* MainViewModel.swift */,
			);
			path = Main;
			sourceTree = "<group>";
		};
		8B6A7C2E2906E636005DE8E2 /* Login */ = {
			isa = PBXGroup;
			children = (
				8B6A7C372906F870005DE8E2 /* LoginView.swift */,
				8B6A7C392906F9CB005DE8E2 /* LoginViewModel.swift */,
			);
			path = Login;
			sourceTree = "<group>";
		};
		8B6A7C342906EA87005DE8E2 /* Extension */ = {
			isa = PBXGroup;
			children = (
				8B6A7C352906EACC005DE8E2 /* Colors.swift */,
				8B6A7C3B2906FB6B005DE8E2 /* CGFloat.swift */,
			);
			path = Extension;
			sourceTree = "<group>";
		};
		8B6A7C3D29084FB9005DE8E2 /* LoginCoordinator */ = {
			isa = PBXGroup;
			children = (
				8B6A7C4429085021005DE8E2 /* LoginCoordinator.swift */,
				8B6A7C4629085030005DE8E2 /* LoginCoordinatorView.swift */,
			);
			path = LoginCoordinator;
			sourceTree = "<group>";
		};
		8B6A7C3E29084FC7005DE8E2 /* MainCoordinator */ = {
			isa = PBXGroup;
			children = (
				8B6A7C4029084FFC005DE8E2 /* MainCoordinator.swift */,
				8B6A7C422908500C005DE8E2 /* MainCoordinatorView.swift */,
			);
			path = MainCoordinator;
			sourceTree = "<group>";
		};
		8BF79D19290AC60B002545BC /* Email */ = {
			isa = PBXGroup;
			children = (
				8BF79D1E290AC653002545BC /* EmailView.swift */,
				8BF79D20290AC660002545BC /* EmailViewModel.swift */,
			);
			path = Email;
			sourceTree = "<group>";
		};
/* End PBXGroup section */

/* Begin PBXNativeTarget section */
		8B6A7BFB2906DC43005DE8E2 /* FirstView */ = {
			isa = PBXNativeTarget;
			buildConfigurationList = 8B6A7C202906DC45005DE8E2 /* Build configuration list for PBXNativeTarget "FirstView" */;
			buildPhases = (
				8B6A7BF82906DC43005DE8E2 /* Sources */,
				8B6A7BF92906DC43005DE8E2 /* Frameworks */,
				8B6A7BFA2906DC43005DE8E2 /* Resources */,
			);
			buildRules = (
			);
			dependencies = (
			);
			name = FirstView;
			packageProductDependencies = (
				8B6A7C49290850C7005DE8E2 /* SwiftUINavigation */,
			);
			productName = FirstView;
			productReference = 8B6A7BFC2906DC43005DE8E2 /* FirstView.app */;
			productType = "com.apple.product-type.application";
		};
		8B6A7C0B2906DC45005DE8E2 /* FirstViewTests */ = {
			isa = PBXNativeTarget;
			buildConfigurationList = 8B6A7C232906DC45005DE8E2 /* Build configuration list for PBXNativeTarget "FirstViewTests" */;
			buildPhases = (
				8B6A7C082906DC45005DE8E2 /* Sources */,
				8B6A7C092906DC45005DE8E2 /* Frameworks */,
				8B6A7C0A2906DC45005DE8E2 /* Resources */,
			);
			buildRules = (
			);
			dependencies = (
				8B6A7C0E2906DC45005DE8E2 /* PBXTargetDependency */,
			);
			name = FirstViewTests;
			productName = FirstViewTests;
			productReference = 8B6A7C0C2906DC45005DE8E2 /* FirstViewTests.xctest */;
			productType = "com.apple.product-type.bundle.unit-test";
		};
		8B6A7C152906DC45005DE8E2 /* FirstViewUITests */ = {
			isa = PBXNativeTarget;
			buildConfigurationList = 8B6A7C262906DC45005DE8E2 /* Build configuration list for PBXNativeTarget "FirstViewUITests" */;
			buildPhases = (
				8B6A7C122906DC45005DE8E2 /* Sources */,
				8B6A7C132906DC45005DE8E2 /* Frameworks */,
				8B6A7C142906DC45005DE8E2 /* Resources */,
			);
			buildRules = (
			);
			dependencies = (
				8B6A7C182906DC45005DE8E2 /* PBXTargetDependency */,
			);
			name = FirstViewUITests;
			productName = FirstViewUITests;
			productReference = 8B6A7C162906DC45005DE8E2 /* FirstViewUITests.xctest */;
			productType = "com.apple.product-type.bundle.ui-testing";
		};
/* End PBXNativeTarget section */

/* Begin PBXProject section */
		8B6A7BF42906DC43005DE8E2 /* Project object */ = {
			isa = PBXProject;
			attributes = {
				BuildIndependentTargetsInParallel = 1;
				LastSwiftUpdateCheck = 1400;
				LastUpgradeCheck = 1400;
				TargetAttributes = {
					8B6A7BFB2906DC43005DE8E2 = {
						CreatedOnToolsVersion = 14.0.1;
					};
					8B6A7C0B2906DC45005DE8E2 = {
						CreatedOnToolsVersion = 14.0.1;
						TestTargetID = 8B6A7BFB2906DC43005DE8E2;
					};
					8B6A7C152906DC45005DE8E2 = {
						CreatedOnToolsVersion = 14.0.1;
						TestTargetID = 8B6A7BFB2906DC43005DE8E2;
					};
				};
			};
			buildConfigurationList = 8B6A7BF72906DC43005DE8E2 /* Build configuration list for PBXProject "FirstView" */;
			compatibilityVersion = "Xcode 14.0";
			developmentRegion = en;
			hasScannedForEncodings = 0;
			knownRegions = (
				en,
				Base,
			);
			mainGroup = 8B6A7BF32906DC43005DE8E2;
			packageReferences = (
				8B6A7C48290850C7005DE8E2 /* XCRemoteSwiftPackageReference "swiftui-navigation" */,
			);
			productRefGroup = 8B6A7BFD2906DC43005DE8E2 /* Products */;
			projectDirPath = "";
			projectRoot = "";
			targets = (
				8B6A7BFB2906DC43005DE8E2 /* FirstView */,
				8B6A7C0B2906DC45005DE8E2 /* FirstViewTests */,
				8B6A7C152906DC45005DE8E2 /* FirstViewUITests */,
			);
		};
/* End PBXProject section */

/* Begin PBXResourcesBuildPhase section */
		8B6A7BFA2906DC43005DE8E2 /* Resources */ = {
			isa = PBXResourcesBuildPhase;
			buildActionMask = 2147483647;
			files = (
				8B6A7C072906DC45005DE8E2 /* Preview Assets.xcassets in Resources */,
				8B6A7C042906DC45005DE8E2 /* Assets.xcassets in Resources */,
			);
			runOnlyForDeploymentPostprocessing = 0;
		};
		8B6A7C0A2906DC45005DE8E2 /* Resources */ = {
			isa = PBXResourcesBuildPhase;
			buildActionMask = 2147483647;
			files = (
			);
			runOnlyForDeploymentPostprocessing = 0;
		};
		8B6A7C142906DC45005DE8E2 /* Resources */ = {
			isa = PBXResourcesBuildPhase;
			buildActionMask = 2147483647;
			files = (
			);
			runOnlyForDeploymentPostprocessing = 0;
		};
/* End PBXResourcesBuildPhase section */

/* Begin PBXSourcesBuildPhase section */
		8B6A7BF82906DC43005DE8E2 /* Sources */ = {
			isa = PBXSourcesBuildPhase;
			buildActionMask = 2147483647;
			files = (
				8B25A44B290D4B680077E5F9 /* EmailCoordinator.swift in Sources */,
				8B25A451290D56370077E5F9 /* LoginEmailCoordinator.swift in Sources */,
				8BF79D1F290AC653002545BC /* EmailView.swift in Sources */,
				8B25A44E290D4B7E0077E5F9 /* EmailCoordinatorView.swift in Sources */,
				8B25A447290AE7030077E5F9 /* LoginEmailViewModel.swift in Sources */,
				8B25A445290AE6F50077E5F9 /* LoginEmailView.swift in Sources */,
				8B6A7C3C2906FB6B005DE8E2 /* CGFloat.swift in Sources */,
				8B6A7C382906F870005DE8E2 /* LoginView.swift in Sources */,
				8B6A7C022906DC43005DE8E2 /* ContentView.swift in Sources */,
				8B6A7C362906EACC005DE8E2 /* Colors.swift in Sources */,
				8B25A453290D56480077E5F9 /* LoginEmailCoordinatorView.swift in Sources */,
				8B6A7C4529085021005DE8E2 /* LoginCoordinator.swift in Sources */,
				8B6A7C4729085030005DE8E2 /* LoginCoordinatorView.swift in Sources */,
				8B6A7C302906E91C005DE8E2 /* MainView.swift in Sources */,
				8B6A7C002906DC43005DE8E2 /* FirstViewApp.swift in Sources */,
				8BF79D21290AC660002545BC /* EmailViewModel.swift in Sources */,
				8B6A7C432908500C005DE8E2 /* MainCoordinatorView.swift in Sources */,
				8B6A7C322906E933005DE8E2 /* MainViewModel.swift in Sources */,
				8B6A7C4129084FFC005DE8E2 /* MainCoordinator.swift in Sources */,
				8B6A7C3A2906F9CB005DE8E2 /* LoginViewModel.swift in Sources */,
			);
			runOnlyForDeploymentPostprocessing = 0;
		};
		8B6A7C082906DC45005DE8E2 /* Sources */ = {
			isa = PBXSourcesBuildPhase;
			buildActionMask = 2147483647;
			files = (
				8B6A7C112906DC45005DE8E2 /* FirstViewTests.swift in Sources */,
			);
			runOnlyForDeploymentPostprocessing = 0;
		};
		8B6A7C122906DC45005DE8E2 /* Sources */ = {
			isa = PBXSourcesBuildPhase;
			buildActionMask = 2147483647;
			files = (
				8B6A7C1D2906DC45005DE8E2 /* FirstViewUITestsLaunchTests.swift in Sources */,
				8B6A7C1B2906DC45005DE8E2 /* FirstViewUITests.swift in Sources */,
			);
			runOnlyForDeploymentPostprocessing = 0;
		};
/* End PBXSourcesBuildPhase section */

/* Begin PBXTargetDependency section */
		8B6A7C0E2906DC45005DE8E2 /* PBXTargetDependency */ = {
			isa = PBXTargetDependency;
			target = 8B6A7BFB2906DC43005DE8E2 /* FirstView */;
			targetProxy = 8B6A7C0D2906DC45005DE8E2 /* PBXContainerItemProxy */;
		};
		8B6A7C182906DC45005DE8E2 /* PBXTargetDependency */ = {
			isa = PBXTargetDependency;
			target = 8B6A7BFB2906DC43005DE8E2 /* FirstView */;
			targetProxy = 8B6A7C172906DC45005DE8E2 /* PBXContainerItemProxy */;
		};
/* End PBXTargetDependency section */

/* Begin XCBuildConfiguration section */
		8B6A7C1E2906DC45005DE8E2 /* Debug */ = {
			isa = XCBuildConfiguration;
			buildSettings = {
				ALWAYS_SEARCH_USER_PATHS = NO;
				CLANG_ANALYZER_NONNULL = YES;
				CLANG_ANALYZER_NUMBER_OBJECT_CONVERSION = YES_AGGRESSIVE;
				CLANG_CXX_LANGUAGE_STANDARD = "gnu++20";
				CLANG_ENABLE_MODULES = YES;
				CLANG_ENABLE_OBJC_ARC = YES;
				CLANG_ENABLE_OBJC_WEAK = YES;
				CLANG_WARN_BLOCK_CAPTURE_AUTORELEASING = YES;
				CLANG_WARN_BOOL_CONVERSION = YES;
				CLANG_WARN_COMMA = YES;
				CLANG_WARN_CONSTANT_CONVERSION = YES;
				CLANG_WARN_DEPRECATED_OBJC_IMPLEMENTATIONS = YES;
				CLANG_WARN_DIRECT_OBJC_ISA_USAGE = YES_ERROR;
				CLANG_WARN_DOCUMENTATION_COMMENTS = YES;
				CLANG_WARN_EMPTY_BODY = YES;
				CLANG_WARN_ENUM_CONVERSION = YES;
				CLANG_WARN_INFINITE_RECURSION = YES;
				CLANG_WARN_INT_CONVERSION = YES;
				CLANG_WARN_NON_LITERAL_NULL_CONVERSION = YES;
				CLANG_WARN_OBJC_IMPLICIT_RETAIN_SELF = YES;
				CLANG_WARN_OBJC_LITERAL_CONVERSION = YES;
				CLANG_WARN_OBJC_ROOT_CLASS = YES_ERROR;
				CLANG_WARN_QUOTED_INCLUDE_IN_FRAMEWORK_HEADER = YES;
				CLANG_WARN_RANGE_LOOP_ANALYSIS = YES;
				CLANG_WARN_STRICT_PROTOTYPES = YES;
				CLANG_WARN_SUSPICIOUS_MOVE = YES;
				CLANG_WARN_UNGUARDED_AVAILABILITY = YES_AGGRESSIVE;
				CLANG_WARN_UNREACHABLE_CODE = YES;
				CLANG_WARN__DUPLICATE_METHOD_MATCH = YES;
				COPY_PHASE_STRIP = NO;
				DEBUG_INFORMATION_FORMAT = dwarf;
				ENABLE_STRICT_OBJC_MSGSEND = YES;
				ENABLE_TESTABILITY = YES;
				GCC_C_LANGUAGE_STANDARD = gnu11;
				GCC_DYNAMIC_NO_PIC = NO;
				GCC_NO_COMMON_BLOCKS = YES;
				GCC_OPTIMIZATION_LEVEL = 0;
				GCC_PREPROCESSOR_DEFINITIONS = (
					"DEBUG=1",
					"$(inherited)",
				);
				GCC_WARN_64_TO_32_BIT_CONVERSION = YES;
				GCC_WARN_ABOUT_RETURN_TYPE = YES_ERROR;
				GCC_WARN_UNDECLARED_SELECTOR = YES;
				GCC_WARN_UNINITIALIZED_AUTOS = YES_AGGRESSIVE;
				GCC_WARN_UNUSED_FUNCTION = YES;
				GCC_WARN_UNUSED_VARIABLE = YES;
				IPHONEOS_DEPLOYMENT_TARGET = 16.0;
				MTL_ENABLE_DEBUG_INFO = INCLUDE_SOURCE;
				MTL_FAST_MATH = YES;
				ONLY_ACTIVE_ARCH = YES;
				SDKROOT = iphoneos;
				SWIFT_ACTIVE_COMPILATION_CONDITIONS = DEBUG;
				SWIFT_OPTIMIZATION_LEVEL = "-Onone";
			};
			name = Debug;
		};
		8B6A7C1F2906DC45005DE8E2 /* Release */ = {
			isa = XCBuildConfiguration;
			buildSettings = {
				ALWAYS_SEARCH_USER_PATHS = NO;
				CLANG_ANALYZER_NONNULL = YES;
				CLANG_ANALYZER_NUMBER_OBJECT_CONVERSION = YES_AGGRESSIVE;
				CLANG_CXX_LANGUAGE_STANDARD = "gnu++20";
				CLANG_ENABLE_MODULES = YES;
				CLANG_ENABLE_OBJC_ARC = YES;
				CLANG_ENABLE_OBJC_WEAK = YES;
				CLANG_WARN_BLOCK_CAPTURE_AUTORELEASING = YES;
				CLANG_WARN_BOOL_CONVERSION = YES;
				CLANG_WARN_COMMA = YES;
				CLANG_WARN_CONSTANT_CONVERSION = YES;
				CLANG_WARN_DEPRECATED_OBJC_IMPLEMENTATIONS = YES;
				CLANG_WARN_DIRECT_OBJC_ISA_USAGE = YES_ERROR;
				CLANG_WARN_DOCUMENTATION_COMMENTS = YES;
				CLANG_WARN_EMPTY_BODY = YES;
				CLANG_WARN_ENUM_CONVERSION = YES;
				CLANG_WARN_INFINITE_RECURSION = YES;
				CLANG_WARN_INT_CONVERSION = YES;
				CLANG_WARN_NON_LITERAL_NULL_CONVERSION = YES;
				CLANG_WARN_OBJC_IMPLICIT_RETAIN_SELF = YES;
				CLANG_WARN_OBJC_LITERAL_CONVERSION = YES;
				CLANG_WARN_OBJC_ROOT_CLASS = YES_ERROR;
				CLANG_WARN_QUOTED_INCLUDE_IN_FRAMEWORK_HEADER = YES;
				CLANG_WARN_RANGE_LOOP_ANALYSIS = YES;
				CLANG_WARN_STRICT_PROTOTYPES = YES;
				CLANG_WARN_SUSPICIOUS_MOVE = YES;
				CLANG_WARN_UNGUARDED_AVAILABILITY = YES_AGGRESSIVE;
				CLANG_WARN_UNREACHABLE_CODE = YES;
				CLANG_WARN__DUPLICATE_METHOD_MATCH = YES;
				COPY_PHASE_STRIP = NO;
				DEBUG_INFORMATION_FORMAT = "dwarf-with-dsym";
				ENABLE_NS_ASSERTIONS = NO;
				ENABLE_STRICT_OBJC_MSGSEND = YES;
				GCC_C_LANGUAGE_STANDARD = gnu11;
				GCC_NO_COMMON_BLOCKS = YES;
				GCC_WARN_64_TO_32_BIT_CONVERSION = YES;
				GCC_WARN_ABOUT_RETURN_TYPE = YES_ERROR;
				GCC_WARN_UNDECLARED_SELECTOR = YES;
				GCC_WARN_UNINITIALIZED_AUTOS = YES_AGGRESSIVE;
				GCC_WARN_UNUSED_FUNCTION = YES;
				GCC_WARN_UNUSED_VARIABLE = YES;
				IPHONEOS_DEPLOYMENT_TARGET = 16.0;
				MTL_ENABLE_DEBUG_INFO = NO;
				MTL_FAST_MATH = YES;
				SDKROOT = iphoneos;
				SWIFT_COMPILATION_MODE = wholemodule;
				SWIFT_OPTIMIZATION_LEVEL = "-O";
				VALIDATE_PRODUCT = YES;
			};
			name = Release;
		};
		8B6A7C212906DC45005DE8E2 /* Debug */ = {
			isa = XCBuildConfiguration;
			buildSettings = {
				ASSETCATALOG_COMPILER_APPICON_NAME = AppIcon;
				ASSETCATALOG_COMPILER_GLOBAL_ACCENT_COLOR_NAME = AccentColor;
				CODE_SIGN_STYLE = Automatic;
				CURRENT_PROJECT_VERSION = 1;
				DEVELOPMENT_ASSET_PATHS = "\"FirstView/Preview Content\"";
				DEVELOPMENT_TEAM = Y3R7A5H37C;
				ENABLE_PREVIEWS = YES;
				GENERATE_INFOPLIST_FILE = YES;
				INFOPLIST_KEY_UIApplicationSceneManifest_Generation = YES;
				INFOPLIST_KEY_UIApplicationSupportsIndirectInputEvents = YES;
				INFOPLIST_KEY_UILaunchScreen_Generation = YES;
				INFOPLIST_KEY_UISupportedInterfaceOrientations_iPad = "UIInterfaceOrientationPortrait UIInterfaceOrientationPortraitUpsideDown UIInterfaceOrientationLandscapeLeft UIInterfaceOrientationLandscapeRight";
				INFOPLIST_KEY_UISupportedInterfaceOrientations_iPhone = "UIInterfaceOrientationPortrait UIInterfaceOrientationLandscapeLeft UIInterfaceOrientationLandscapeRight";
				IPHONEOS_DEPLOYMENT_TARGET = 15.6;
				LD_RUNPATH_SEARCH_PATHS = (
					"$(inherited)",
					"@executable_path/Frameworks",
				);
				MARKETING_VERSION = 1.0;
				PRODUCT_BUNDLE_IDENTIFIER = Study.FirstView;
				PRODUCT_NAME = "$(TARGET_NAME)";
				SWIFT_EMIT_LOC_STRINGS = YES;
				SWIFT_VERSION = 5.0;
				TARGETED_DEVICE_FAMILY = "1,2";
			};
			name = Debug;
		};
		8B6A7C222906DC45005DE8E2 /* Release */ = {
			isa = XCBuildConfiguration;
			buildSettings = {
				ASSETCATALOG_COMPILER_APPICON_NAME = AppIcon;
				ASSETCATALOG_COMPILER_GLOBAL_ACCENT_COLOR_NAME = AccentColor;
				CODE_SIGN_STYLE = Automatic;
				CURRENT_PROJECT_VERSION = 1;
				DEVELOPMENT_ASSET_PATHS = "\"FirstView/Preview Content\"";
				DEVELOPMENT_TEAM = Y3R7A5H37C;
				ENABLE_PREVIEWS = YES;
				GENERATE_INFOPLIST_FILE = YES;
				INFOPLIST_KEY_UIApplicationSceneManifest_Generation = YES;
				INFOPLIST_KEY_UIApplicationSupportsIndirectInputEvents = YES;
				INFOPLIST_KEY_UILaunchScreen_Generation = YES;
				INFOPLIST_KEY_UISupportedInterfaceOrientations_iPad = "UIInterfaceOrientationPortrait UIInterfaceOrientationPortraitUpsideDown UIInterfaceOrientationLandscapeLeft UIInterfaceOrientationLandscapeRight";
				INFOPLIST_KEY_UISupportedInterfaceOrientations_iPhone = "UIInterfaceOrientationPortrait UIInterfaceOrientationLandscapeLeft UIInterfaceOrientationLandscapeRight";
				IPHONEOS_DEPLOYMENT_TARGET = 15.6;
				LD_RUNPATH_SEARCH_PATHS = (
					"$(inherited)",
					"@executable_path/Frameworks",
				);
				MARKETING_VERSION = 1.0;
				PRODUCT_BUNDLE_IDENTIFIER = Study.FirstView;
				PRODUCT_NAME = "$(TARGET_NAME)";
				SWIFT_EMIT_LOC_STRINGS = YES;
				SWIFT_VERSION = 5.0;
				TARGETED_DEVICE_FAMILY = "1,2";
			};
			name = Release;
		};
		8B6A7C242906DC45005DE8E2 /* Debug */ = {
			isa = XCBuildConfiguration;
			buildSettings = {
				ALWAYS_EMBED_SWIFT_STANDARD_LIBRARIES = YES;
				BUNDLE_LOADER = "$(TEST_HOST)";
				CODE_SIGN_STYLE = Automatic;
				CURRENT_PROJECT_VERSION = 1;
				DEVELOPMENT_TEAM = Y3R7A5H37C;
				GENERATE_INFOPLIST_FILE = YES;
				IPHONEOS_DEPLOYMENT_TARGET = 16.0;
				MARKETING_VERSION = 1.0;
				PRODUCT_BUNDLE_IDENTIFIER = Study.FirstViewTests;
				PRODUCT_NAME = "$(TARGET_NAME)";
				SWIFT_EMIT_LOC_STRINGS = NO;
				SWIFT_VERSION = 5.0;
				TARGETED_DEVICE_FAMILY = "1,2";
				TEST_HOST = "$(BUILT_PRODUCTS_DIR)/FirstView.app/$(BUNDLE_EXECUTABLE_FOLDER_PATH)/FirstView";
			};
			name = Debug;
		};
		8B6A7C252906DC45005DE8E2 /* Release */ = {
			isa = XCBuildConfiguration;
			buildSettings = {
				ALWAYS_EMBED_SWIFT_STANDARD_LIBRARIES = YES;
				BUNDLE_LOADER = "$(TEST_HOST)";
				CODE_SIGN_STYLE = Automatic;
				CURRENT_PROJECT_VERSION = 1;
				DEVELOPMENT_TEAM = Y3R7A5H37C;
				GENERATE_INFOPLIST_FILE = YES;
				IPHONEOS_DEPLOYMENT_TARGET = 16.0;
				MARKETING_VERSION = 1.0;
				PRODUCT_BUNDLE_IDENTIFIER = Study.FirstViewTests;
				PRODUCT_NAME = "$(TARGET_NAME)";
				SWIFT_EMIT_LOC_STRINGS = NO;
				SWIFT_VERSION = 5.0;
				TARGETED_DEVICE_FAMILY = "1,2";
				TEST_HOST = "$(BUILT_PRODUCTS_DIR)/FirstView.app/$(BUNDLE_EXECUTABLE_FOLDER_PATH)/FirstView";
			};
			name = Release;
		};
		8B6A7C272906DC45005DE8E2 /* Debug */ = {
			isa = XCBuildConfiguration;
			buildSettings = {
				ALWAYS_EMBED_SWIFT_STANDARD_LIBRARIES = YES;
				CODE_SIGN_STYLE = Automatic;
				CURRENT_PROJECT_VERSION = 1;
				DEVELOPMENT_TEAM = Y3R7A5H37C;
				GENERATE_INFOPLIST_FILE = YES;
				MARKETING_VERSION = 1.0;
				PRODUCT_BUNDLE_IDENTIFIER = Study.FirstViewUITests;
				PRODUCT_NAME = "$(TARGET_NAME)";
				SWIFT_EMIT_LOC_STRINGS = NO;
				SWIFT_VERSION = 5.0;
				TARGETED_DEVICE_FAMILY = "1,2";
				TEST_TARGET_NAME = FirstView;
			};
			name = Debug;
		};
		8B6A7C282906DC45005DE8E2 /* Release */ = {
			isa = XCBuildConfiguration;
			buildSettings = {
				ALWAYS_EMBED_SWIFT_STANDARD_LIBRARIES = YES;
				CODE_SIGN_STYLE = Automatic;
				CURRENT_PROJECT_VERSION = 1;
				DEVELOPMENT_TEAM = Y3R7A5H37C;
				GENERATE_INFOPLIST_FILE = YES;
				MARKETING_VERSION = 1.0;
				PRODUCT_BUNDLE_IDENTIFIER = Study.FirstViewUITests;
				PRODUCT_NAME = "$(TARGET_NAME)";
				SWIFT_EMIT_LOC_STRINGS = NO;
				SWIFT_VERSION = 5.0;
				TARGETED_DEVICE_FAMILY = "1,2";
				TEST_TARGET_NAME = FirstView;
			};
			name = Release;
		};
/* End XCBuildConfiguration section */

/* Begin XCConfigurationList section */
		8B6A7BF72906DC43005DE8E2 /* Build configuration list for PBXProject "FirstView" */ = {
			isa = XCConfigurationList;
			buildConfigurations = (
				8B6A7C1E2906DC45005DE8E2 /* Debug */,
				8B6A7C1F2906DC45005DE8E2 /* Release */,
			);
			defaultConfigurationIsVisible = 0;
			defaultConfigurationName = Release;
		};
		8B6A7C202906DC45005DE8E2 /* Build configuration list for PBXNativeTarget "FirstView" */ = {
			isa = XCConfigurationList;
			buildConfigurations = (
				8B6A7C212906DC45005DE8E2 /* Debug */,
				8B6A7C222906DC45005DE8E2 /* Release */,
			);
			defaultConfigurationIsVisible = 0;
			defaultConfigurationName = Release;
		};
		8B6A7C232906DC45005DE8E2 /* Build configuration list for PBXNativeTarget "FirstViewTests" */ = {
			isa = XCConfigurationList;
			buildConfigurations = (
				8B6A7C242906DC45005DE8E2 /* Debug */,
				8B6A7C252906DC45005DE8E2 /* Release */,
			);
			defaultConfigurationIsVisible = 0;
			defaultConfigurationName = Release;
		};
		8B6A7C262906DC45005DE8E2 /* Build configuration list for PBXNativeTarget "FirstViewUITests" */ = {
			isa = XCConfigurationList;
			buildConfigurations = (
				8B6A7C272906DC45005DE8E2 /* Debug */,
				8B6A7C282906DC45005DE8E2 /* Release */,
			);
			defaultConfigurationIsVisible = 0;
			defaultConfigurationName = Release;
		};
/* End XCConfigurationList section */

/* Begin XCRemoteSwiftPackageReference section */
		8B6A7C48290850C7005DE8E2 /* XCRemoteSwiftPackageReference "swiftui-navigation" */ = {
			isa = XCRemoteSwiftPackageReference;
			repositoryURL = "https://github.com/pointfreeco/swiftui-navigation";
			requirement = {
				branch = main;
				kind = branch;
			};
		};
/* End XCRemoteSwiftPackageReference section */

/* Begin XCSwiftPackageProductDependency section */
		8B6A7C49290850C7005DE8E2 /* SwiftUINavigation */ = {
			isa = XCSwiftPackageProductDependency;
			package = 8B6A7C48290850C7005DE8E2 /* XCRemoteSwiftPackageReference "swiftui-navigation" */;
			productName = SwiftUINavigation;
		};
/* End XCSwiftPackageProductDependency section */
	};
	rootObject = 8B6A7BF42906DC43005DE8E2 /* Project object */;
}
